
Microsoft Visual Studio Solution File, Format Version 12.00
# Visual Studio Version 17
VisualStudioVersion = 17.3.32825.248
MinimumVisualStudioVersion = 10.0.40219.1
Project("{FAE04EC0-301F-11D3-BF4B-00C04F79EFBC}") = "Day_9", "Day_9\Day_9.csproj", "{ABE7971F-1CFF-41E3-A304-E0544F9D1AA3}"
EndProject
Global
	GlobalSection(SolutionConfigurationPlatforms) = preSolution
		Debug|Any CPU = Debug|Any CPU
		Release|Any CPU = Release|Any CPU
	EndGlobalSection
	GlobalSection(ProjectConfigurationPlatforms) = postSolution
		{ABE7971F-1CFF-41E3-A304-E0544F9D1AA3}.Debug|Any CPU.ActiveCfg = Debug|Any CPU
		{ABE7971F-1CFF-41E3-A304-E0544F9D1AA3}.Debug|Any CPU.Build.0 = Debug|Any CPU
		{ABE7971F-1CFF-41E3-A304-E0544F9D1AA3}.Release|Any CPU.ActiveCfg = Release|Any CPU
		{ABE7971F-1CFF-41E3-A304-E0544F9D1AA3}.Release|Any CPU.Build.0 = Release|Any CPU
	EndGlobalSection
	GlobalSection(SolutionProperties) = preSolution
		HideSolutionNode = FALSE
	EndGlobalSection
	GlobalSection(ExtensibilityGlobals) = postSolution
		SolutionGuid = {69499C70-7932-42FF-80CC-7F5F47B31870}
	EndGlobalSection
EndGlobal
