
Microsoft Visual Studio Solution File, Format Version 12.00
# Visual Studio Version 17
VisualStudioVersion = 17.3.32825.248
MinimumVisualStudioVersion = 10.0.40219.1
Project("{FAE04EC0-301F-11D3-BF4B-00C04F79EFBC}") = "Day_14", "Day_14\Day_14.csproj", "{BA6E2BB3-5EE5-4D6D-ABF8-11F619F09CCE}"
EndProject
Global
	GlobalSection(SolutionConfigurationPlatforms) = preSolution
		Debug|Any CPU = Debug|Any CPU
		Release|Any CPU = Release|Any CPU
	EndGlobalSection
	GlobalSection(ProjectConfigurationPlatforms) = postSolution
		{BA6E2BB3-5EE5-4D6D-ABF8-11F619F09CCE}.Debug|Any CPU.ActiveCfg = Debug|Any CPU
		{BA6E2BB3-5EE5-4D6D-ABF8-11F619F09CCE}.Debug|Any CPU.Build.0 = Debug|Any CPU
		{BA6E2BB3-5EE5-4D6D-ABF8-11F619F09CCE}.Release|Any CPU.ActiveCfg = Release|Any CPU
		{BA6E2BB3-5EE5-4D6D-ABF8-11F619F09CCE}.Release|Any CPU.Build.0 = Release|Any CPU
	EndGlobalSection
	GlobalSection(SolutionProperties) = preSolution
		HideSolutionNode = FALSE
	EndGlobalSection
	GlobalSection(ExtensibilityGlobals) = postSolution
		SolutionGuid = {6123620E-AC74-4F88-87BA-FEAD1D051B56}
	EndGlobalSection
EndGlobal
