
Microsoft Visual Studio Solution File, Format Version 12.00
# Visual Studio Version 17
VisualStudioVersion = 17.3.32825.248
MinimumVisualStudioVersion = 10.0.40219.1
Project("{FAE04EC0-301F-11D3-BF4B-00C04F79EFBC}") = "Day_13", "Day_13\Day_13.csproj", "{76C6121B-703C-488D-A43F-D3D76F662CE4}"
EndProject
Global
	GlobalSection(SolutionConfigurationPlatforms) = preSolution
		Debug|Any CPU = Debug|Any CPU
		Release|Any CPU = Release|Any CPU
	EndGlobalSection
	GlobalSection(ProjectConfigurationPlatforms) = postSolution
		{76C6121B-703C-488D-A43F-D3D76F662CE4}.Debug|Any CPU.ActiveCfg = Debug|Any CPU
		{76C6121B-703C-488D-A43F-D3D76F662CE4}.Debug|Any CPU.Build.0 = Debug|Any CPU
		{76C6121B-703C-488D-A43F-D3D76F662CE4}.Release|Any CPU.ActiveCfg = Release|Any CPU
		{76C6121B-703C-488D-A43F-D3D76F662CE4}.Release|Any CPU.Build.0 = Release|Any CPU
	EndGlobalSection
	GlobalSection(SolutionProperties) = preSolution
		HideSolutionNode = FALSE
	EndGlobalSection
	GlobalSection(ExtensibilityGlobals) = postSolution
		SolutionGuid = {490AEDF0-851D-4417-9F9C-D0999DA3F0D5}
	EndGlobalSection
EndGlobal
